
Microsoft Visual Studio Solution File, Format Version 12.00
# Visual Studio Version 17
VisualStudioVersion = 17.11.35208.52
MinimumVisualStudioVersion = 10.0.40219.1
Project("{FAE04EC0-301F-11D3-BF4B-00C04F79EFBC}") = "IfExample", "IfExample\IfExample.csproj", "{076F2506-8637-406A-A070-A42A649F7BAB}"
EndProject
Project("{FAE04EC0-301F-11D3-BF4B-00C04F79EFBC}") = "LeapYear", "LeapYear\LeapYear.csproj", "{4DCB6FC9-7281-49C4-91AA-162F154662DF}"
EndProject
Project("{FAE04EC0-301F-11D3-BF4B-00C04F79EFBC}") = "IterationsExercise", "IterationsExercise\IterationsExercise.csproj", "{0A681913-8C14-4BEB-8823-4C10B4177017}"
EndProject
Project("{FAE04EC0-301F-11D3-BF4B-00C04F79EFBC}") = "ArraysIterations", "ArraysIterations\ArraysIterations.csproj", "{FD476251-98BE-4CBA-A5EE-DF733E4EC0FB}"
EndProject
Global
	GlobalSection(SolutionConfigurationPlatforms) = preSolution
		Debug|Any CPU = Debug|Any CPU
		Release|Any CPU = Release|Any CPU
	EndGlobalSection
	GlobalSection(ProjectConfigurationPlatforms) = postSolution
		{076F2506-8637-406A-A070-A42A649F7BAB}.Debug|Any CPU.ActiveCfg = Debug|Any CPU
		{076F2506-8637-406A-A070-A42A649F7BAB}.Debug|Any CPU.Build.0 = Debug|Any CPU
		{076F2506-8637-406A-A070-A42A649F7BAB}.Release|Any CPU.ActiveCfg = Release|Any CPU
		{076F2506-8637-406A-A070-A42A649F7BAB}.Release|Any CPU.Build.0 = Release|Any CPU
		{4DCB6FC9-7281-49C4-91AA-162F154662DF}.Debug|Any CPU.ActiveCfg = Debug|Any CPU
		{4DCB6FC9-7281-49C4-91AA-162F154662DF}.Debug|Any CPU.Build.0 = Debug|Any CPU
		{4DCB6FC9-7281-49C4-91AA-162F154662DF}.Release|Any CPU.ActiveCfg = Release|Any CPU
		{4DCB6FC9-7281-49C4-91AA-162F154662DF}.Release|Any CPU.Build.0 = Release|Any CPU
		{0A681913-8C14-4BEB-8823-4C10B4177017}.Debug|Any CPU.ActiveCfg = Debug|Any CPU
		{0A681913-8C14-4BEB-8823-4C10B4177017}.Debug|Any CPU.Build.0 = Debug|Any CPU
		{0A681913-8C14-4BEB-8823-4C10B4177017}.Release|Any CPU.ActiveCfg = Release|Any CPU
		{0A681913-8C14-4BEB-8823-4C10B4177017}.Release|Any CPU.Build.0 = Release|Any CPU
		{FD476251-98BE-4CBA-A5EE-DF733E4EC0FB}.Debug|Any CPU.ActiveCfg = Debug|Any CPU
		{FD476251-98BE-4CBA-A5EE-DF733E4EC0FB}.Debug|Any CPU.Build.0 = Debug|Any CPU
		{FD476251-98BE-4CBA-A5EE-DF733E4EC0FB}.Release|Any CPU.ActiveCfg = Release|Any CPU
		{FD476251-98BE-4CBA-A5EE-DF733E4EC0FB}.Release|Any CPU.Build.0 = Release|Any CPU
	EndGlobalSection
	GlobalSection(SolutionProperties) = preSolution
		HideSolutionNode = FALSE
	EndGlobalSection
	GlobalSection(ExtensibilityGlobals) = postSolution
		SolutionGuid = {8424D1A1-87BB-4ED2-9D75-C2C657C165A2}
	EndGlobalSection
EndGlobal
